<Solution>
  <Folder Name="/src/">
    <Project Path="src/NuraDesktopApp/NuraDesktopConsole.csproj" />
    <Project Path="src/NuraLib/NuraLib.csproj" />
    <Project Path="src/NuraPopupWpf/NuraPopupWpf.csproj" />
  </Folder>
  <Folder Name="/tests/">
    <Project Path="tests/NuraLib.Tests/NuraLib.Tests.csproj" />
  </Folder>
</Solution>
